PODS:
  - MoEngage-iOS-SDK (9.1.0)
  - MoEngageGeofence (5.1.0):
    - MoEngage-iOS-SDK (< 9.2.0, >= 9.1.0)
  - MoEngageInApp (4.1.0):
    - MoEngage-iOS-SDK (< 9.2.0, >= 9.1.0)
  - MoEngageInbox (2.1.0):
    - MoEngage-iOS-SDK (< 9.2.0, >= 9.1.0)
    - MoEngageRichNotification (< 7.2.0, >= 7.1.0)
  - MoEngagePluginBase (4.0.0):
    - MoEngage-iOS-SDK (< 9.2.0, >= 9.1.0)
    - MoEngageInApp (< 4.2.0, >= 4.1.0)
  - MoEngagePluginGeofence (2.0.0):
    - MoEngageGeofence (< 5.2.0, >= 5.1.0)
    - MoEngagePluginBase (< 4.1.0, >= 4.0.0)
  - MoEngagePluginInbox (2.0.0):
    - MoEngageInbox (< 2.2.0, >= 2.1.0)
    - MoEngagePluginBase (< 4.1.0, >= 4.0.0)
  - MoEngageRichNotification (7.1.0):
    - MoEngage-iOS-SDK (< 9.2.0, >= 9.1.0)

DEPENDENCIES:
  - MoEngagePluginBase (from `../`)
  - MoEngagePluginGeofence (from `../`)
  - MoEngagePluginInbox (from `../`)

SPEC REPOS:
  trunk:
    - MoEngage-iOS-SDK
    - MoEngageGeofence
    - MoEngageInApp
    - MoEngageInbox
    - MoEngageRichNotification

EXTERNAL SOURCES:
  MoEngagePluginBase:
    :path: "../"
  MoEngagePluginGeofence:
    :path: "../"
  MoEngagePluginInbox:
    :path: "../"

SPEC CHECKSUMS:
  MoEngage-iOS-SDK: 753fc30ecc1aea4fd966052c441b742a3eb29104
  MoEngageGeofence: 3ea4238d724ddc377c6014bd38d21aba0525d002
  MoEngageInApp: 39c9951bb99592eeeb4b523cdc9644ee8710ad88
  MoEngageInbox: a3612a45989ac68cba868febac2931b13962019f
  MoEngagePluginBase: 22873b0ed3e28d20e2f33efe5e2369d4336d9356
  MoEngagePluginGeofence: c57c4f6742571152ef2b148dd80a2ea1c24eeb2d
  MoEngagePluginInbox: 7553f53114f61fca02c2716c3163eabf4f10fb5a
  MoEngageRichNotification: e5791bc3b0d9bcf0b215d31fd93cb71111220e70

PODFILE CHECKSUM: 03600eb33379be6dce0e19b6f91e6a4e62084158

COCOAPODS: 1.11.3
