PODS:
  - MoEngage-iOS-SDK (9.10.0)
  - MoEngageSegmentPluginBase (1.1.0):
    - MoEngage-iOS-SDK (< 9.11.0, >= 9.10.0)

DEPENDENCIES:
  - MoEngageSegmentPluginBase (from `../`)

SPEC REPOS:
  trunk:
    - MoEngage-iOS-SDK

EXTERNAL SOURCES:
  MoEngageSegmentPluginBase:
    :path: "../"

SPEC CHECKSUMS:
  MoEngage-iOS-SDK: 2271b9202dead49dd5c317aeb1a5cd8b450b435c
  MoEngageSegmentPluginBase: af1176f02d539eb462d27e887701d7c646006897

PODFILE CHECKSUM: a2534b3ed7df244380f026169d9b2db67c5b9e54

COCOAPODS: 1.12.1
